// !$*UTF8*$!
{
	archiveVersion = 1;
	classes = {
	};
	objectVersion = 46;
	objects = {

/* Begin PBXBuildFile section */
		2A2BF30F7EC6A6D314819A15 /* Pods.framework in Frameworks */ = {isa = PBXBuildFile; fileRef = 7EDC93D73AB48099B98CAE66 /* Pods.framework */; };
		840BF7A81CF00C8D0089F421 /* WeatherTableViewController.swift in Sources */ = {isa = PBXBuildFile; fileRef = 840BF7A71CF00C8D0089F421 /* WeatherTableViewController.swift */; };
		84F654511CEF3441003FD317 /* AppDelegate.swift in Sources */ = {isa = PBXBuildFile; fileRef = 84F654501CEF3441003FD317 /* AppDelegate.swift */; };
		84F654561CEF3441003FD317 /* Main.storyboard in Resources */ = {isa = PBXBuildFile; fileRef = 84F654541CEF3441003FD317 /* Main.storyboard */; };
		84F654581CEF3442003FD317 /* Assets.xcassets in Resources */ = {isa = PBXBuildFile; fileRef = 84F654571CEF3442003FD317 /* Assets.xcassets */; };
		84F6545B1CEF3442003FD317 /* LaunchScreen.storyboard in Resources */ = {isa = PBXBuildFile; fileRef = 84F654591CEF3442003FD317 /* LaunchScreen.storyboard */; };
		84F654641CEF38D6003FD317 /* Result.swift in Sources */ = {isa = PBXBuildFile; fileRef = 84F654621CEF38D6003FD317 /* Result.swift */; };
		84F654651CEF38D6003FD317 /* Weather.swift in Sources */ = {isa = PBXBuildFile; fileRef = 84F654631CEF38D6003FD317 /* Weather.swift */; };
		84F654681CEF3931003FD317 /* NetWorkHelper.swift in Sources */ = {isa = PBXBuildFile; fileRef = 84F654671CEF3931003FD317 /* NetWorkHelper.swift */; };
		84F6546A1CEF394C003FD317 /* Podfile in Resources */ = {isa = PBXBuildFile; fileRef = 84F654691CEF394C003FD317 /* Podfile */; };
		84F6546E1CEF48E7003FD317 /* HeaderCell.swift in Sources */ = {isa = PBXBuildFile; fileRef = 84F6546C1CEF48E6003FD317 /* HeaderCell.swift */; };
		84F6546F1CEF48E7003FD317 /* HeaderCell.xib in Resources */ = {isa = PBXBuildFile; fileRef = 84F6546D1CEF48E7003FD317 /* HeaderCell.xib */; };
		84F654721CEF4B2D003FD317 /* AttachCell.swift in Sources */ = {isa = PBXBuildFile; fileRef = 84F654701CEF4B2D003FD317 /* AttachCell.swift */; };
		84F654731CEF4B2D003FD317 /* AttachCell.xib in Resources */ = {isa = PBXBuildFile; fileRef = 84F654711CEF4B2D003FD317 /* AttachCell.xib */; };
		84F654761CEF4B4C003FD317 /* BriefCell.swift in Sources */ = {isa = PBXBuildFile; fileRef = 84F654741CEF4B4C003FD317 /* BriefCell.swift */; };
		84F654771CEF4B4C003FD317 /* BriefCell.xib in Resources */ = {isa = PBXBuildFile; fileRef = 84F654751CEF4B4C003FD317 /* BriefCell.xib */; };
		84F6547A1CEF4C73003FD317 /* WeekCell.swift in Sources */ = {isa = PBXBuildFile; fileRef = 84F654781CEF4C73003FD317 /* WeekCell.swift */; };
		84F6547B1CEF4C73003FD317 /* WeekCell.xib in Resources */ = {isa = PBXBuildFile; fileRef = 84F654791CEF4C73003FD317 /* WeekCell.xib */; };
/* End PBXBuildFile section */

/* Begin PBXFileReference section */
		414650B27842363027B4C63D /* Pods.debug.xcconfig */ = {isa = PBXFileReference; includeInIndex = 1; lastKnownFileType = text.xcconfig; name = Pods.debug.xcconfig; path = "Pods/Target Support Files/Pods/Pods.debug.xcconfig"; sourceTree = "<group>"; };
		7EDC93D73AB48099B98CAE66 /* Pods.framework */ = {isa = PBXFileReference; explicitFileType = wrapper.framework; includeInIndex = 0; path = Pods.framework; sourceTree = BUILT_PRODUCTS_DIR; };
		840BF7A71CF00C8D0089F421 /* WeatherTableViewController.swift */ = {isa = PBXFileReference; fileEncoding = 4; lastKnownFileType = sourcecode.swift; path = WeatherTableViewController.swift; sourceTree = "<group>"; };
		84F6544D1CEF3441003FD317 /* SZWeather.app */ = {isa = PBXFileReference; explicitFileType = wrapper.application; includeInIndex = 0; path = SZWeather.app; sourceTree = BUILT_PRODUCTS_DIR; };
		84F654501CEF3441003FD317 /* AppDelegate.swift */ = {isa = PBXFileReference; lastKnownFileType = sourcecode.swift; path = AppDelegate.swift; sourceTree = "<group>"; };
		84F654551CEF3441003FD317 /* Base */ = {isa = PBXFileReference; lastKnownFileType = file.storyboard; name = Base; path = Base.lproj/Main.storyboard; sourceTree = "<group>"; };
		84F654571CEF3442003FD317 /* Assets.xcassets */ = {isa = PBXFileReference; lastKnownFileType = folder.assetcatalog; path = Assets.xcassets; sourceTree = "<group>"; };
		84F6545A1CEF3442003FD317 /* Base */ = {isa = PBXFileReference; lastKnownFileType = file.storyboard; name = Base; path = Base.lproj/LaunchScreen.storyboard; sourceTree = "<group>"; };
		84F6545C1CEF3442003FD317 /* Info.plist */ = {isa = PBXFileReference; lastKnownFileType = text.plist.xml; path = Info.plist; sourceTree = "<group>"; };
		84F654621CEF38D6003FD317 /* Result.swift */ = {isa = PBXFileReference; fileEncoding = 4; lastKnownFileType = sourcecode.swift; path = Result.swift; sourceTree = "<group>"; };
		84F654631CEF38D6003FD317 /* Weather.swift */ = {isa = PBXFileReference; fileEncoding = 4; lastKnownFileType = sourcecode.swift; path = Weather.swift; sourceTree = "<group>"; };
		84F654671CEF3931003FD317 /* NetWorkHelper.swift */ = {isa = PBXFileReference; fileEncoding = 4; lastKnownFileType = sourcecode.swift; path = NetWorkHelper.swift; sourceTree = "<group>"; };
		84F654691CEF394C003FD317 /* Podfile */ = {isa = PBXFileReference; fileEncoding = 4; lastKnownFileType = text; path = Podfile; sourceTree = "<group>"; };
		84F6546C1CEF48E6003FD317 /* HeaderCell.swift */ = {isa = PBXFileReference; fileEncoding = 4; lastKnownFileType = sourcecode.swift; path = HeaderCell.swift; sourceTree = "<group>"; };
		84F6546D1CEF48E7003FD317 /* HeaderCell.xib */ = {isa = PBXFileReference; fileEncoding = 4; lastKnownFileType = file.xib; path = HeaderCell.xib; sourceTree = "<group>"; };
		84F654701CEF4B2D003FD317 /* AttachCell.swift */ = {isa = PBXFileReference; fileEncoding = 4; lastKnownFileType = sourcecode.swift; path = AttachCell.swift; sourceTree = "<group>"; };
		84F654711CEF4B2D003FD317 /* AttachCell.xib */ = {isa = PBXFileReference; fileEncoding = 4; lastKnownFileType = file.xib; path = AttachCell.xib; sourceTree = "<group>"; };
		84F654741CEF4B4C003FD317 /* BriefCell.swift */ = {isa = PBXFileReference; fileEncoding = 4; lastKnownFileType = sourcecode.swift; path = BriefCell.swift; sourceTree = "<group>"; };
		84F654751CEF4B4C003FD317 /* BriefCell.xib */ = {isa = PBXFileReference; fileEncoding = 4; lastKnownFileType = file.xib; path = BriefCell.xib; sourceTree = "<group>"; };
		84F654781CEF4C73003FD317 /* WeekCell.swift */ = {isa = PBXFileReference; fileEncoding = 4; lastKnownFileType = sourcecode.swift; path = WeekCell.swift; sourceTree = "<group>"; };
		84F654791CEF4C73003FD317 /* WeekCell.xib */ = {isa = PBXFileReference; fileEncoding = 4; lastKnownFileType = file.xib; path = WeekCell.xib; sourceTree = "<group>"; };
		F65BAC271E8690E748215FC8 /* Pods.release.xcconfig */ = {isa = PBXFileReference; includeInIndex = 1; lastKnownFileType = text.xcconfig; name = Pods.release.xcconfig; path = "Pods/Target Support Files/Pods/Pods.release.xcconfig"; sourceTree = "<group>"; };
/* End PBXFileReference section */

/* Begin PBXFrameworksBuildPhase section */
		84F6544A1CEF3441003FD317 /* Frameworks */ = {
			isa = PBXFrameworksBuildPhase;
			buildActionMask = 2147483647;
			files = (
				2A2BF30F7EC6A6D314819A15 /* Pods.framework in Frameworks */,
			);
			runOnlyForDeploymentPostprocessing = 0;
		};
/* End PBXFrameworksBuildPhase section */

/* Begin PBXGroup section */
		840BF7A61CF00BBB0089F421 /* Controller */ = {
			isa = PBXGroup;
			children = (
				84F6546C1CEF48E6003FD317 /* HeaderCell.swift */,
				840BF7A71CF00C8D0089F421 /* WeatherTableViewController.swift */,
				84F654701CEF4B2D003FD317 /* AttachCell.swift */,
				84F654741CEF4B4C003FD317 /* BriefCell.swift */,
				84F654781CEF4C73003FD317 /* WeekCell.swift */,
			);
			name = Controller;
			sourceTree = "<group>";
		};
		84F654441CEF3441003FD317 = {
			isa = PBXGroup;
			children = (
				84F654691CEF394C003FD317 /* Podfile */,
				84F6544F1CEF3441003FD317 /* SZWeather */,
				84F6544E1CEF3441003FD317 /* Products */,
				DC462A572AE8087C3C516389 /* Pods */,
				A8FAD791D2232A9739A6FA68 /* Frameworks */,
			);
			sourceTree = "<group>";
		};
		84F6544E1CEF3441003FD317 /* Products */ = {
			isa = PBXGroup;
			children = (
				84F6544D1CEF3441003FD317 /* SZWeather.app */,
			);
			name = Products;
			sourceTree = "<group>";
		};
		84F6544F1CEF3441003FD317 /* SZWeather */ = {
			isa = PBXGroup;
			children = (
				84F654501CEF3441003FD317 /* AppDelegate.swift */,
				84F654671CEF3931003FD317 /* NetWorkHelper.swift */,
				840BF7A61CF00BBB0089F421 /* Controller */,
				84F6546B1CEF4840003FD317 /* View */,
				84F654571CEF3442003FD317 /* Assets.xcassets */,
				84F654661CEF38E3003FD317 /* Model */,
				84F654591CEF3442003FD317 /* LaunchScreen.storyboard */,
				84F6545C1CEF3442003FD317 /* Info.plist */,
			);
			path = SZWeather;
			sourceTree = "<group>";
		};
		84F654661CEF38E3003FD317 /* Model */ = {
			isa = PBXGroup;
			children = (
				84F654621CEF38D6003FD317 /* Result.swift */,
				84F654631CEF38D6003FD317 /* Weather.swift */,
			);
			name = Model;
			sourceTree = "<group>";
		};
		84F6546B1CEF4840003FD317 /* View */ = {
			isa = PBXGroup;
			children = (
				84F654541CEF3441003FD317 /* Main.storyboard */,
				84F654711CEF4B2D003FD317 /* AttachCell.xib */,
				84F654791CEF4C73003FD317 /* WeekCell.xib */,
				84F6546D1CEF48E7003FD317 /* HeaderCell.xib */,
				84F654751CEF4B4C003FD317 /* BriefCell.xib */,
			);
			name = View;
			sourceTree = "<group>";
		};
		A8FAD791D2232A9739A6FA68 /* Frameworks */ = {
			isa = PBXGroup;
			children = (
				7EDC93D73AB48099B98CAE66 /* Pods.framework */,
			);
			name = Frameworks;
			sourceTree = "<group>";
		};
		DC462A572AE8087C3C516389 /* Pods */ = {
			isa = PBXGroup;
			children = (
				414650B27842363027B4C63D /* Pods.debug.xcconfig */,
				F65BAC271E8690E748215FC8 /* Pods.release.xcconfig */,
			);
			name = Pods;
			sourceTree = "<group>";
		};
/* End PBXGroup section */

/* Begin PBXNativeTarget section */
		84F6544C1CEF3441003FD317 /* SZWeather */ = {
			isa = PBXNativeTarget;
			buildConfigurationList = 84F6545F1CEF3442003FD317 /* Build configuration list for PBXNativeTarget "SZWeather" */;
			buildPhases = (
				E1D7F93A1CD22DB32E00CB76 /* Check Pods Manifest.lock */,
				84F654491CEF3441003FD317 /* Sources */,
				84F6544A1CEF3441003FD317 /* Frameworks */,
				84F6544B1CEF3441003FD317 /* Resources */,
				741D44208950FA5873BF3B6A /* Embed Pods Frameworks */,
				56432805D387BBA3810D9C44 /* Copy Pods Resources */,
			);
			buildRules = (
			);
			dependencies = (
			);
			name = SZWeather;
			productName = SZWeather;
			productReference = 84F6544D1CEF3441003FD317 /* SZWeather.app */;
			productType = "com.apple.product-type.application";
		};
/* End PBXNativeTarget section */

/* Begin PBXProject section */
		84F654451CEF3441003FD317 /* Project object */ = {
			isa = PBXProject;
			attributes = {
				LastSwiftUpdateCheck = 0730;
				LastUpgradeCheck = 0730;
				ORGANIZATIONNAME = saltchen;
				TargetAttributes = {
					84F6544C1CEF3441003FD317 = {
						CreatedOnToolsVersion = 7.3.1;
						DevelopmentTeam = 9D6FB4Y8CP;
					};
				};
			};
			buildConfigurationList = 84F654481CEF3441003FD317 /* Build configuration list for PBXProject "SZWeather" */;
			compatibilityVersion = "Xcode 3.2";
			developmentRegion = English;
			hasScannedForEncodings = 0;
			knownRegions = (
				en,
				Base,
			);
			mainGroup = 84F654441CEF3441003FD317;
			productRefGroup = 84F6544E1CEF3441003FD317 /* Products */;
			projectDirPath = "";
			projectRoot = "";
			targets = (
				84F6544C1CEF3441003FD317 /* SZWeather */,
			);
		};
/* End PBXProject section */

/* Begin PBXResourcesBuildPhase section */
		84F6544B1CEF3441003FD317 /* Resources */ = {
			isa = PBXResourcesBuildPhase;
			buildActionMask = 2147483647;
			files = (
				84F654731CEF4B2D003FD317 /* AttachCell.xib in Resources */,
				84F6547B1CEF4C73003FD317 /* WeekCell.xib in Resources */,
				84F6546F1CEF48E7003FD317 /* HeaderCell.xib in Resources */,
				84F6545B1CEF3442003FD317 /* LaunchScreen.storyboard in Resources */,
				84F654581CEF3442003FD317 /* Assets.xcassets in Resources */,
				84F6546A1CEF394C003FD317 /* Podfile in Resources */,
				84F654561CEF3441003FD317 /* Main.storyboard in Resources */,
				84F654771CEF4B4C003FD317 /* BriefCell.xib in Resources */,
			);
			runOnlyForDeploymentPostprocessing = 0;
		};
/* End PBXResourcesBuildPhase section */

/* Begin PBXShellScriptBuildPhase section */
		56432805D387BBA3810D9C44 /* Copy Pods Resources */ = {
			isa = PBXShellScriptBuildPhase;
			buildActionMask = 2147483647;
			files = (
			);
			inputPaths = (
			);
			name = "Copy Pods Resources";
			outputPaths = (
			);
			runOnlyForDeploymentPostprocessing = 0;
			shellPath = /bin/sh;
			shellScript = "\"${SRCROOT}/Pods/Target Support Files/Pods/Pods-resources.sh\"\n";
			showEnvVarsInLog = 0;
		};
		741D44208950FA5873BF3B6A /* Embed Pods Frameworks */ = {
			isa = PBXShellScriptBuildPhase;
			buildActionMask = 2147483647;
			files = (
			);
			inputPaths = (
			);
			name = "Embed Pods Frameworks";
			outputPaths = (
			);
			runOnlyForDeploymentPostprocessing = 0;
			shellPath = /bin/sh;
			shellScript = "\"${SRCROOT}/Pods/Target Support Files/Pods/Pods-frameworks.sh\"\n";
			showEnvVarsInLog = 0;
		};
		E1D7F93A1CD22DB32E00CB76 /* Check Pods Manifest.lock */ = {
			isa = PBXShellScriptBuildPhase;
			buildActionMask = 2147483647;
			files = (
			);
			inputPaths = (
			);
			name = "Check Pods Manifest.lock";
			outputPaths = (
			);
			runOnlyForDeploymentPostprocessing = 0;
			shellPath = /bin/sh;
			shellScript = "diff \"${PODS_ROOT}/../Podfile.lock\" \"${PODS_ROOT}/Manifest.lock\" > /dev/null\nif [[ $? != 0 ]] ; then\n    cat << EOM\nerror: The sandbox is not in sync with the Podfile.lock. Run 'pod install' or update your CocoaPods installation.\nEOM\n    exit 1\nfi\n";
			showEnvVarsInLog = 0;
		};
/* End PBXShellScriptBuildPhase section */

/* Begin PBXSourcesBuildPhase section */
		84F654491CEF3441003FD317 /* Sources */ = {
			isa = PBXSourcesBuildPhase;
			buildActionMask = 2147483647;
			files = (
				84F654641CEF38D6003FD317 /* Result.swift in Sources */,
				840BF7A81CF00C8D0089F421 /* WeatherTableViewController.swift in Sources */,
				84F654761CEF4B4C003FD317 /* BriefCell.swift in Sources */,
				84F6546E1CEF48E7003FD317 /* HeaderCell.swift in Sources */,
				84F654651CEF38D6003FD317 /* Weather.swift in Sources */,
				84F654511CEF3441003FD317 /* AppDelegate.swift in Sources */,
				84F6547A1CEF4C73003FD317 /* WeekCell.swift in Sources */,
				84F654721CEF4B2D003FD317 /* AttachCell.swift in Sources */,
				84F654681CEF3931003FD317 /* NetWorkHelper.swift in Sources */,
			);
			runOnlyForDeploymentPostprocessing = 0;
		};
/* End PBXSourcesBuildPhase section */

/* Begin PBXVariantGroup section */
		84F654541CEF3441003FD317 /* Main.storyboard */ = {
			isa = PBXVariantGroup;
			children = (
				84F654551CEF3441003FD317 /* Base */,
			);
			name = Main.storyboard;
			sourceTree = "<group>";
		};
		84F654591CEF3442003FD317 /* LaunchScreen.storyboard */ = {
			isa = PBXVariantGroup;
			children = (
				84F6545A1CEF3442003FD317 /* Base */,
			);
			name = LaunchScreen.storyboard;
			sourceTree = "<group>";
		};
/* End PBXVariantGroup section */

/* Begin XCBuildConfiguration section */
		84F6545D1CEF3442003FD317 /* Debug */ = {
			isa = XCBuildConfiguration;
			buildSettings = {
				ALWAYS_SEARCH_USER_PATHS = NO;
				CLANG_ANALYZER_NONNULL = YES;
				CLANG_CXX_LANGUAGE_STANDARD = "gnu++0x";
				CLANG_CXX_LIBRARY = "libc++";
				CLANG_ENABLE_MODULES = YES;
				CLANG_ENABLE_OBJC_ARC = YES;
				CLANG_WARN_BOOL_CONVERSION = YES;
				CLANG_WARN_CONSTANT_CONVERSION = YES;
				CLANG_WARN_DIRECT_OBJC_ISA_USAGE = YES_ERROR;
				CLANG_WARN_EMPTY_BODY = YES;
				CLANG_WARN_ENUM_CONVERSION = YES;
				CLANG_WARN_INT_CONVERSION = YES;
				CLANG_WARN_OBJC_ROOT_CLASS = YES_ERROR;
				CLANG_WARN_UNREACHABLE_CODE = YES;
				CLANG_WARN__DUPLICATE_METHOD_MATCH = YES;
				"CODE_SIGN_IDENTITY[sdk=iphoneos*]" = "iPhone Developer";
				COPY_PHASE_STRIP = NO;
				DEBUG_INFORMATION_FORMAT = dwarf;
				ENABLE_STRICT_OBJC_MSGSEND = YES;
				ENABLE_TESTABILITY = YES;
				GCC_C_LANGUAGE_STANDARD = gnu99;
				GCC_DYNAMIC_NO_PIC = NO;
				GCC_NO_COMMON_BLOCKS = YES;
				GCC_OPTIMIZATION_LEVEL = 0;
				GCC_PREPROCESSOR_DEFINITIONS = (
					"DEBUG=1",
					"$(inherited)",
				);
				GCC_WARN_64_TO_32_BIT_CONVERSION = YES;
				GCC_WARN_ABOUT_RETURN_TYPE = YES_ERROR;
				GCC_WARN_UNDECLARED_SELECTOR = YES;
				GCC_WARN_UNINITIALIZED_AUTOS = YES_AGGRESSIVE;
				GCC_WARN_UNUSED_FUNCTION = YES;
				GCC_WARN_UNUSED_VARIABLE = YES;
				IPHONEOS_DEPLOYMENT_TARGET = 9.3;
				MTL_ENABLE_DEBUG_INFO = YES;
				ONLY_ACTIVE_ARCH = YES;
				SDKROOT = iphoneos;
				SWIFT_OPTIMIZATION_LEVEL = "-Onone";
				TARGETED_DEVICE_FAMILY = "1,2";
			};
			name = Debug;
		};
		84F6545E1CEF3442003FD317 /* Release */ = {
			isa = XCBuildConfiguration;
			buildSettings = {
				ALWAYS_SEARCH_USER_PATHS = NO;
				CLANG_ANALYZER_NONNULL = YES;
				CLANG_CXX_LANGUAGE_STANDARD = "gnu++0x";
				CLANG_CXX_LIBRARY = "libc++";
				CLANG_ENABLE_MODULES = YES;
				CLANG_ENABLE_OBJC_ARC = YES;
				CLANG_WARN_BOOL_CONVERSION = YES;
				CLANG_WARN_CONSTANT_CONVERSION = YES;
				CLANG_WARN_DIRECT_OBJC_ISA_USAGE = YES_ERROR;
				CLANG_WARN_EMPTY_BODY = YES;
				CLANG_WARN_ENUM_CONVERSION = YES;
				CLANG_WARN_INT_CONVERSION = YES;
				CLANG_WARN_OBJC_ROOT_CLASS = YES_ERROR;
				CLANG_WARN_UNREACHABLE_CODE = YES;
				CLANG_WARN__DUPLICATE_METHOD_MATCH = YES;
				"CODE_SIGN_IDENTITY[sdk=iphoneos*]" = "iPhone Developer";
				COPY_PHASE_STRIP = NO;
				DEBUG_INFORMATION_FORMAT = "dwarf-with-dsym";
				ENABLE_NS_ASSERTIONS = NO;
				ENABLE_STRICT_OBJC_MSGSEND = YES;
				GCC_C_LANGUAGE_STANDARD = gnu99;
				GCC_NO_COMMON_BLOCKS = YES;
				GCC_WARN_64_TO_32_BIT_CONVERSION = YES;
				GCC_WARN_ABOUT_RETURN_TYPE = YES_ERROR;
				GCC_WARN_UNDECLARED_SELECTOR = YES;
				GCC_WARN_UNINITIALIZED_AUTOS = YES_AGGRESSIVE;
				GCC_WARN_UNUSED_FUNCTION = YES;
				GCC_WARN_UNUSED_VARIABLE = YES;
				IPHONEOS_DEPLOYMENT_TARGET = 9.3;
				MTL_ENABLE_DEBUG_INFO = NO;
				SDKROOT = iphoneos;
				TARGETED_DEVICE_FAMILY = "1,2";
				VALIDATE_PRODUCT = YES;
			};
			name = Release;
		};
		84F654601CEF3442003FD317 /* Debug */ = {
			isa = XCBuildConfiguration;
			baseConfigurationReference = 414650B27842363027B4C63D /* Pods.debug.xcconfig */;
			buildSettings = {
				ASSETCATALOG_COMPILER_APPICON_NAME = AppIcon;
				CODE_SIGN_IDENTITY = "iPhone Developer";
				"CODE_SIGN_IDENTITY[sdk=iphoneos*]" = "iPhone Developer";
				INFOPLIST_FILE = SZWeather/Info.plist;
				LD_RUNPATH_SEARCH_PATHS = "$(inherited) @executable_path/Frameworks";
				PRODUCT_BUNDLE_IDENTIFIER = "---.SZWeather";
				PRODUCT_NAME = "$(TARGET_NAME)";
				PROVISIONING_PROFILE = "";
			};
			name = Debug;
		};
		84F654611CEF3442003FD317 /* Release */ = {
			isa = XCBuildConfiguration;
			baseConfigurationReference = F65BAC271E8690E748215FC8 /* Pods.release.xcconfig */;
			buildSettings = {
				ASSETCATALOG_COMPILER_APPICON_NAME = AppIcon;
				CODE_SIGN_IDENTITY = "iPhone Developer";
				"CODE_SIGN_IDENTITY[sdk=iphoneos*]" = "iPhone Developer";
				INFOPLIST_FILE = SZWeather/Info.plist;
				LD_RUNPATH_SEARCH_PATHS = "$(inherited) @executable_path/Frameworks";
				PRODUCT_BUNDLE_IDENTIFIER = "---.SZWeather";
				PRODUCT_NAME = "$(TARGET_NAME)";
				PROVISIONING_PROFILE = "";
			};
			name = Release;
		};
/* End XCBuildConfiguration section */

/* Begin XCConfigurationList section */
		84F654481CEF3441003FD317 /* Build configuration list for PBXProject "SZWeather" */ = {
			isa = XCConfigurationList;
			buildConfigurations = (
				84F6545D1CEF3442003FD317 /* Debug */,
				84F6545E1CEF3442003FD317 /* Release */,
			);
			defaultConfigurationIsVisible = 0;
			defaultConfigurationName = Release;
		};
		84F6545F1CEF3442003FD317 /* Build configuration list for PBXNativeTarget "SZWeather" */ = {
			isa = XCConfigurationList;
			buildConfigurations = (
				84F654601CEF3442003FD317 /* Debug */,
				84F654611CEF3442003FD317 /* Release */,
			);
			defaultConfigurationIsVisible = 0;
			defaultConfigurationName = Release;
		};
/* End XCConfigurationList section */
	};
	rootObject = 84F654451CEF3441003FD317 /* Project object */;
}
